
Microsoft Visual Studio Solution File, Format Version 12.00
# Visual Studio 14
VisualStudioVersion = 14.0.25420.1
MinimumVisualStudioVersion = 10.0.40219.1
Project("{FAE04EC0-301F-11D3-BF4B-00C04F79EFBC}") = "FileReader", "FileReader\FileReader.csproj", "{CECB1D32-3E34-4620-B5B7-F1D37BB18F81}"
EndProject
Project("{FAE04EC0-301F-11D3-BF4B-00C04F79EFBC}") = "FileReaderTests", "FileReaderTests\FileReaderTests.csproj", "{55B8A5E0-94CC-47EA-9640-FF85C20646E2}"
EndProject
Global
	GlobalSection(SolutionConfigurationPlatforms) = preSolution
		Debug|Any CPU = Debug|Any CPU
		Release|Any CPU = Release|Any CPU
	EndGlobalSection
	GlobalSection(ProjectConfigurationPlatforms) = postSolution
		{CECB1D32-3E34-4620-B5B7-F1D37BB18F81}.Debug|Any CPU.ActiveCfg = Debug|Any CPU
		{CECB1D32-3E34-4620-B5B7-F1D37BB18F81}.Debug|Any CPU.Build.0 = Debug|Any CPU
		{CECB1D32-3E34-4620-B5B7-F1D37BB18F81}.Release|Any CPU.ActiveCfg = Release|Any CPU
		{CECB1D32-3E34-4620-B5B7-F1D37BB18F81}.Release|Any CPU.Build.0 = Release|Any CPU
		{55B8A5E0-94CC-47EA-9640-FF85C20646E2}.Debug|Any CPU.ActiveCfg = Debug|Any CPU
		{55B8A5E0-94CC-47EA-9640-FF85C20646E2}.Debug|Any CPU.Build.0 = Debug|Any CPU
		{55B8A5E0-94CC-47EA-9640-FF85C20646E2}.Release|Any CPU.ActiveCfg = Release|Any CPU
		{55B8A5E0-94CC-47EA-9640-FF85C20646E2}.Release|Any CPU.Build.0 = Release|Any CPU
	EndGlobalSection
	GlobalSection(SolutionProperties) = preSolution
		HideSolutionNode = FALSE
	EndGlobalSection
EndGlobal
